
Microsoft Visual Studio Solution File, Format Version 12.00
# Visual Studio Version 17
VisualStudioVersion = 17.3.32811.315
MinimumVisualStudioVersion = 10.0.40219.1
Project("{FAE04EC0-301F-11D3-BF4B-00C04F79EFBC}") = "SampleDotNetApi6.Domain", "SampleDotNetApi6.Domain\SampleDotNetApi6.Domain.csproj", "{A54BDCFC-10F5-46CC-BD96-660997EDBDC4}"
EndProject
Project("{FAE04EC0-301F-11D3-BF4B-00C04F79EFBC}") = "SampleDotNetApi6.Infra.Data", "SampleDotNetApi6.Infra.Data\SampleDotNetApi6.Infra.Data.csproj", "{D0EFD2DD-93A1-42A5-B97A-0C1F8A8E3CB6}"
EndProject
Project("{FAE04EC0-301F-11D3-BF4B-00C04F79EFBC}") = "SampleDotNetApi6.Application", "SampleDotNetApi6.Application\SampleDotNetApi6.Application.csproj", "{8AFB4BF2-3C54-424F-BA5F-9DDEA020AE76}"
EndProject
Project("{FAE04EC0-301F-11D3-BF4B-00C04F79EFBC}") = "SampleDotNetApi6.Infra.IoC", "SampleDotNetApi6.Infra.IoC\SampleDotNetApi6.Infra.IoC.csproj", "{708322B6-0781-405A-9A80-8006904ED7B8}"
EndProject
Project("{FAE04EC0-301F-11D3-BF4B-00C04F79EFBC}") = "SampleDotNetApi6.Api", "SampleDotNetApi6.Api\SampleDotNetApi6.Api.csproj", "{5F038B13-FDCC-47D1-9877-9A590CABAF58}"
EndProject
Global
	GlobalSection(SolutionConfigurationPlatforms) = preSolution
		Debug|Any CPU = Debug|Any CPU
		Release|Any CPU = Release|Any CPU
	EndGlobalSection
	GlobalSection(ProjectConfigurationPlatforms) = postSolution
		{A54BDCFC-10F5-46CC-BD96-660997EDBDC4}.Debug|Any CPU.ActiveCfg = Debug|Any CPU
		{A54BDCFC-10F5-46CC-BD96-660997EDBDC4}.Debug|Any CPU.Build.0 = Debug|Any CPU
		{A54BDCFC-10F5-46CC-BD96-660997EDBDC4}.Release|Any CPU.ActiveCfg = Release|Any CPU
		{A54BDCFC-10F5-46CC-BD96-660997EDBDC4}.Release|Any CPU.Build.0 = Release|Any CPU
		{D0EFD2DD-93A1-42A5-B97A-0C1F8A8E3CB6}.Debug|Any CPU.ActiveCfg = Debug|Any CPU
		{D0EFD2DD-93A1-42A5-B97A-0C1F8A8E3CB6}.Debug|Any CPU.Build.0 = Debug|Any CPU
		{D0EFD2DD-93A1-42A5-B97A-0C1F8A8E3CB6}.Release|Any CPU.ActiveCfg = Release|Any CPU
		{D0EFD2DD-93A1-42A5-B97A-0C1F8A8E3CB6}.Release|Any CPU.Build.0 = Release|Any CPU
		{8AFB4BF2-3C54-424F-BA5F-9DDEA020AE76}.Debug|Any CPU.ActiveCfg = Debug|Any CPU
		{8AFB4BF2-3C54-424F-BA5F-9DDEA020AE76}.Debug|Any CPU.Build.0 = Debug|Any CPU
		{8AFB4BF2-3C54-424F-BA5F-9DDEA020AE76}.Release|Any CPU.ActiveCfg = Release|Any CPU
		{8AFB4BF2-3C54-424F-BA5F-9DDEA020AE76}.Release|Any CPU.Build.0 = Release|Any CPU
		{708322B6-0781-405A-9A80-8006904ED7B8}.Debug|Any CPU.ActiveCfg = Debug|Any CPU
		{708322B6-0781-405A-9A80-8006904ED7B8}.Debug|Any CPU.Build.0 = Debug|Any CPU
		{708322B6-0781-405A-9A80-8006904ED7B8}.Release|Any CPU.ActiveCfg = Release|Any CPU
		{708322B6-0781-405A-9A80-8006904ED7B8}.Release|Any CPU.Build.0 = Release|Any CPU
		{5F038B13-FDCC-47D1-9877-9A590CABAF58}.Debug|Any CPU.ActiveCfg = Debug|Any CPU
		{5F038B13-FDCC-47D1-9877-9A590CABAF58}.Debug|Any CPU.Build.0 = Debug|Any CPU
		{5F038B13-FDCC-47D1-9877-9A590CABAF58}.Release|Any CPU.ActiveCfg = Release|Any CPU
		{5F038B13-FDCC-47D1-9877-9A590CABAF58}.Release|Any CPU.Build.0 = Release|Any CPU
	EndGlobalSection
	GlobalSection(SolutionProperties) = preSolution
		HideSolutionNode = FALSE
	EndGlobalSection
	GlobalSection(ExtensibilityGlobals) = postSolution
		SolutionGuid = {2BD41FFA-C016-4694-BA9C-09F8CC6E84C6}
	EndGlobalSection
EndGlobal
